
Microsoft Visual Studio Solution File, Format Version 12.00
# Visual Studio Version 17
VisualStudioVersion = 17.3.32901.215
MinimumVisualStudioVersion = 10.0.40219.1
Project("{9A19103F-16F7-4668-BE54-9A1E7A4F7556}") = "1 Factory", "1 Factory\1 Factory.csproj", "{7571DD4E-E8D7-4D3F-963F-0C25F7953EAD}"
EndProject
Project("{9A19103F-16F7-4668-BE54-9A1E7A4F7556}") = "2 AbsctractFactory", "2 AbsctractFactory\2 AbsctractFactory.csproj", "{9476A457-A80A-416C-842A-B23EA4DFB220}"
EndProject
Project("{FAE04EC0-301F-11D3-BF4B-00C04F79EFBC}") = "3 Singleton", "3 Singleton\3 Singleton.csproj", "{0605E1E7-7CC8-4FA7-9991-519ED5FC7A8D}"
EndProject
Project("{FAE04EC0-301F-11D3-BF4B-00C04F79EFBC}") = "4 Prototype", "4 Prototype\4 Prototype.csproj", "{45BE705B-725D-499A-BCB8-C9F95DCDCD44}"
EndProject
Project("{FAE04EC0-301F-11D3-BF4B-00C04F79EFBC}") = "5 Builder", "5 Builder\5 Builder.csproj", "{3A3E4A69-327D-4B0E-AEA3-152D25FA18EB}"
EndProject
Global
	GlobalSection(SolutionConfigurationPlatforms) = preSolution
		Debug|Any CPU = Debug|Any CPU
		Release|Any CPU = Release|Any CPU
	EndGlobalSection
	GlobalSection(ProjectConfigurationPlatforms) = postSolution
		{7571DD4E-E8D7-4D3F-963F-0C25F7953EAD}.Debug|Any CPU.ActiveCfg = Debug|Any CPU
		{7571DD4E-E8D7-4D3F-963F-0C25F7953EAD}.Debug|Any CPU.Build.0 = Debug|Any CPU
		{7571DD4E-E8D7-4D3F-963F-0C25F7953EAD}.Release|Any CPU.ActiveCfg = Release|Any CPU
		{7571DD4E-E8D7-4D3F-963F-0C25F7953EAD}.Release|Any CPU.Build.0 = Release|Any CPU
		{9476A457-A80A-416C-842A-B23EA4DFB220}.Debug|Any CPU.ActiveCfg = Debug|Any CPU
		{9476A457-A80A-416C-842A-B23EA4DFB220}.Debug|Any CPU.Build.0 = Debug|Any CPU
		{9476A457-A80A-416C-842A-B23EA4DFB220}.Release|Any CPU.ActiveCfg = Release|Any CPU
		{9476A457-A80A-416C-842A-B23EA4DFB220}.Release|Any CPU.Build.0 = Release|Any CPU
		{0605E1E7-7CC8-4FA7-9991-519ED5FC7A8D}.Debug|Any CPU.ActiveCfg = Debug|Any CPU
		{0605E1E7-7CC8-4FA7-9991-519ED5FC7A8D}.Debug|Any CPU.Build.0 = Debug|Any CPU
		{0605E1E7-7CC8-4FA7-9991-519ED5FC7A8D}.Release|Any CPU.ActiveCfg = Release|Any CPU
		{0605E1E7-7CC8-4FA7-9991-519ED5FC7A8D}.Release|Any CPU.Build.0 = Release|Any CPU
		{45BE705B-725D-499A-BCB8-C9F95DCDCD44}.Debug|Any CPU.ActiveCfg = Debug|Any CPU
		{45BE705B-725D-499A-BCB8-C9F95DCDCD44}.Debug|Any CPU.Build.0 = Debug|Any CPU
		{45BE705B-725D-499A-BCB8-C9F95DCDCD44}.Release|Any CPU.ActiveCfg = Release|Any CPU
		{45BE705B-725D-499A-BCB8-C9F95DCDCD44}.Release|Any CPU.Build.0 = Release|Any CPU
		{3A3E4A69-327D-4B0E-AEA3-152D25FA18EB}.Debug|Any CPU.ActiveCfg = Debug|Any CPU
		{3A3E4A69-327D-4B0E-AEA3-152D25FA18EB}.Debug|Any CPU.Build.0 = Debug|Any CPU
		{3A3E4A69-327D-4B0E-AEA3-152D25FA18EB}.Release|Any CPU.ActiveCfg = Release|Any CPU
		{3A3E4A69-327D-4B0E-AEA3-152D25FA18EB}.Release|Any CPU.Build.0 = Release|Any CPU
	EndGlobalSection
	GlobalSection(SolutionProperties) = preSolution
		HideSolutionNode = FALSE
	EndGlobalSection
	GlobalSection(ExtensibilityGlobals) = postSolution
		SolutionGuid = {508E2511-8959-4969-B711-11E5B62CF847}
	EndGlobalSection
EndGlobal
